<?xml version="1.0" encoding="utf-8"?>
<Project ToolsVersion="4.0" xmlns="http://schemas.microsoft.com/developer/msbuild/2003">
  <ItemGroup>
    <Filter Include="Source Files">
      <UniqueIdentifier>{4FC737F1-C7A5-4376-A066-2A32D752A2FF}</UniqueIdentifier>
      <Extensions>cpp;c;cc;cxx;def;odl;idl;hpj;bat;asm;asmx</Extensions>
    </Filter>
    <Filter Include="Header Files">
      <UniqueIdentifier>{93995380-89BD-4b04-88EB-625FBE52EBFB}</UniqueIdentifier>
      <Extensions>h;hh;hpp;hxx;hm;inl;inc;ipp;xsd</Extensions>
    </Filter>
    <Filter Include="Resource Files">
      <UniqueIdentifier>{67DA6AB6-F800-4c08-8B7A-83BB121AAD01}</UniqueIdentifier>
      <Extensions>rc;ico;cur;bmp;dlg;rc2;rct;bin;rgs;gif;jpg;jpeg;jpe;resx;tiff;tif;png;wav;mfcribbon-ms</Extensions>
    </Filter>
    <Filter Include="Source Files\HackMode">
      <UniqueIdentifier>{17aa19e9-f1c1-406e-8d7d-5120645b6842}</UniqueIdentifier>
    </Filter>
    <Filter Include="Header Files\HackMode">
      <UniqueIdentifier>{fd3aa6d7-6800-41cc-a6a6-1083a83edb91}</UniqueIdentifier>
    </Filter>
    <Filter Include="Header Files\HackMode\Enemies">
      <UniqueIdentifier>{762ec954-c540-4b77-b28d-08bd3271a906}</UniqueIdentifier>
    </Filter>
    <Filter Include="Source Files\HackMode\Enemies">
      <UniqueIdentifier>{758ab5be-6414-4984-9c44-7db5825f3ab2}</UniqueIdentifier>
    </Filter>
    <Filter Include="Source Files\Menu">
      <UniqueIdentifier>{8bcec6d5-e9f7-4952-a3f6-29e1d2c11e20}</UniqueIdentifier>
    </Filter>
    <Filter Include="Header Files\Menu">
      <UniqueIdentifier>{572a933a-7bad-452f-9556-98395d1cf7c5}</UniqueIdentifier>
    </Filter>
    <Filter Include="Header Files\RPGMode">
      <UniqueIdentifier>{b96ab465-594b-488c-8ec1-314ac7cbb4ae}</UniqueIdentifier>
    </Filter>
    <Filter Include="Header Files\Game">
      <UniqueIdentifier>{0c0453f5-26b0-4269-b47a-9d3a335aba73}</UniqueIdentifier>
    </Filter>
    <Filter Include="Header Files\Entities">
      <UniqueIdentifier>{ccd0ea2f-b978-43d9-80f8-9473343b456e}</UniqueIdentifier>
    </Filter>
    <Filter Include="Source Files\Game">
      <UniqueIdentifier>{f2c823e8-04e6-4005-96b1-e04909a80afa}</UniqueIdentifier>
    </Filter>
    <Filter Include="Source Files\Entities">
      <UniqueIdentifier>{70f16a4e-d719-45c9-83e0-63b54370d95f}</UniqueIdentifier>
    </Filter>
    <Filter Include="Source Files\RPGMode">
      <UniqueIdentifier>{f61f75e2-213d-41f9-9495-edfa1b16c9b1}</UniqueIdentifier>
    </Filter>
  </ItemGroup>
  <ItemGroup>
    <ClCompile Include="Mouse.cpp">
      <Filter>Source Files\HackMode</Filter>
    </ClCompile>
    <ClCompile Include="Projectile.cpp">
      <Filter>Source Files\HackMode</Filter>
    </ClCompile>
    <ClCompile Include="HackModeState.cpp">
      <Filter>Source Files\HackMode</Filter>
    </ClCompile>
    <ClCompile Include="Parasite.cpp">
      <Filter>Source Files\HackMode\Enemies</Filter>
    </ClCompile>
    <ClCompile Include="VectorMath.cpp">
      <Filter>Source Files</Filter>
    </ClCompile>
    <ClCompile Include="Collision.cpp">
      <Filter>Resource Files</Filter>
    </ClCompile>
    <ClCompile Include="MenuState.cpp">
      <Filter>Source Files\Menu</Filter>
    </ClCompile>
    <ClCompile Include="Game.cpp">
      <Filter>Source Files\Game</Filter>
    </ClCompile>
    <ClCompile Include="main.cpp">
      <Filter>Source Files\Game</Filter>
    </ClCompile>
    <ClCompile Include="TextureMap.cpp">
      <Filter>Source Files\Game</Filter>
    </ClCompile>
    <ClCompile Include="Entity.cpp">
      <Filter>Source Files\Entities</Filter>
    </ClCompile>
    <ClCompile Include="EntityManager.cpp">
      <Filter>Source Files\Entities</Filter>
    </ClCompile>
    <ClCompile Include="LivingEntity.cpp">
      <Filter>Source Files\Entities</Filter>
    </ClCompile>
    <ClCompile Include="RPGState.cpp">
      <Filter>Source Files\RPGMode</Filter>
    </ClCompile>
  </ItemGroup>
  <ItemGroup>
    <None Include="openal32.dll">
      <Filter>Resource Files</Filter>
    </None>
    <None Include="sfml-audio-2.dll">
      <Filter>Resource Files</Filter>
    </None>
    <None Include="sfml-audio-d-2.dll">
      <Filter>Resource Files</Filter>
    </None>
    <None Include="sfml-graphics-2.dll">
      <Filter>Resource Files</Filter>
    </None>
    <None Include="sfml-graphics-d-2.dll">
      <Filter>Resource Files</Filter>
    </None>
    <None Include="sfml-network-2.dll">
      <Filter>Resource Files</Filter>
    </None>
    <None Include="sfml-network-d-2.dll">
      <Filter>Resource Files</Filter>
    </None>
    <None Include="sfml-system-2.dll">
      <Filter>Resource Files</Filter>
    </None>
    <None Include="sfml-system-d-2.dll">
      <Filter>Resource Files</Filter>
    </None>
    <None Include="sfml-window-2.dll">
      <Filter>Resource Files</Filter>
    </None>
    <None Include="sfml-window-d-2.dll">
      <Filter>Resource Files</Filter>
    </None>
  </ItemGroup>
  <ItemGroup>
    <ClInclude Include="Mouse.h">
      <Filter>Header Files\HackMode</Filter>
    </ClInclude>
    <ClInclude Include="Projectile.h">
      <Filter>Header Files\HackMode</Filter>
    </ClInclude>
    <ClInclude Include="HackModeState.h">
      <Filter>Header Files\HackMode</Filter>
    </ClInclude>
    <ClInclude Include="Enemy.h">
      <Filter>Header Files\HackMode\Enemies</Filter>
    </ClInclude>
    <ClInclude Include="Parasite.h">
      <Filter>Header Files\HackMode\Enemies</Filter>
    </ClInclude>
    <ClInclude Include="VectorMath.h">
      <Filter>Header Files</Filter>
    </ClInclude>
    <ClInclude Include="Collision.h">
      <Filter>Resource Files</Filter>
    </ClInclude>
    <ClInclude Include="MenuState.h">
      <Filter>Header Files\Menu</Filter>
    </ClInclude>
    <ClInclude Include="Game.h">
      <Filter>Header Files\Game</Filter>
    </ClInclude>
    <ClInclude Include="GameState.h">
      <Filter>Header Files\Game</Filter>
    </ClInclude>
    <ClInclude Include="TextureMap.h">
      <Filter>Header Files\Game</Filter>
    </ClInclude>
    <ClInclude Include="Entity.h">
      <Filter>Header Files\Entities</Filter>
    </ClInclude>
    <ClInclude Include="EntityManager.h">
      <Filter>Header Files\Entities</Filter>
    </ClInclude>
    <ClInclude Include="LivingEntity.h">
      <Filter>Header Files\Entities</Filter>
    </ClInclude>
    <ClInclude Include="RPGState.h">
      <Filter>Header Files\RPGMode</Filter>
    </ClInclude>
  </ItemGroup>
</Project>